Microsoft Visual Studio Solution File, Format Version 12.00
# Visual Studio Version 17
VisualStudioVersion = 17.5.2.0
MinimumVisualStudioVersion = 10.0.40219.1
Project("{FAE04EC0-301F-11D3-BF4B-00C04F79EFBC}") = "MySchool.Api", "MySchool.Api\MySchool.Api.csproj", "{231F1350-7C90-7C0B-9B6B-451853AA02EE}"
EndProject
Global
	GlobalSection(SolutionConfigurationPlatforms) = preSolution
		Debug|Any CPU = Debug|Any CPU
		Release|Any CPU = Release|Any CPU
	EndGlobalSection
	GlobalSection(ProjectConfigurationPlatforms) = postSolution
		{231F1350-7C90-7C0B-9B6B-451853AA02EE}.Debug|Any CPU.ActiveCfg = Debug|Any CPU
		{231F1350-7C90-7C0B-9B6B-451853AA02EE}.Debug|Any CPU.Build.0 = Debug|Any CPU
		{231F1350-7C90-7C0B-9B6B-451853AA02EE}.Release|Any CPU.ActiveCfg = Release|Any CPU
		{231F1350-7C90-7C0B-9B6B-451853AA02EE}.Release|Any CPU.Build.0 = Release|Any CPU
	EndGlobalSection
	GlobalSection(SolutionProperties) = preSolution
		HideSolutionNode = FALSE
	EndGlobalSection
	GlobalSection(ExtensibilityGlobals) = postSolution
		SolutionGuid = {8125EC51-A9D3-4DB5-A1CA-B87C249C5D8C}
	EndGlobalSection
EndGlobal
